
Microsoft Visual Studio Solution File, Format Version 12.00
# Visual Studio Version 16
VisualStudioVersion = 16.0.32802.440
MinimumVisualStudioVersion = 10.0.40219.1
Project("{2150E333-8FDC-42A3-9474-1A3956D46DE8}") = "Applications", "Applications", "{AF6287E2-35AB-4999-A97D-8293ACEE22B6}"
EndProject
Project("{2150E333-8FDC-42A3-9474-1A3956D46DE8}") = "Libraries", "Libraries", "{C08594FE-75A7-4383-AF40-7EDA663750C4}"
EndProject
Project("{FAE04EC0-301F-11D3-BF4B-00C04F79EFBC}") = "SV19T1081011.AdminTool", "SV19T1081011.AdminTool\SV19T1081011.AdminTool.csproj", "{8C7A58F4-3E17-42D3-8F2B-D35F4AC7F5AC}"
EndProject
Project("{FAE04EC0-301F-11D3-BF4B-00C04F79EFBC}") = "SV19T1081011.DomainModels", "SV19T1081011.DomainModels\SV19T1081011.DomainModels.csproj", "{238DF550-354B-4E54-A5CE-2BE67AF68713}"
EndProject
Project("{FAE04EC0-301F-11D3-BF4B-00C04F79EFBC}") = "SV19T1081011.DataLayers", "SV19T1081011.DataLayers\SV19T1081011.DataLayers.csproj", "{0A6012B3-DC13-490E-BACA-84165720D410}"
EndProject
Project("{FAE04EC0-301F-11D3-BF4B-00C04F79EFBC}") = "SV19T1081011.BusinessLayers", "SV19T1081011.BusinessLayers\SV19T1081011.BusinessLayers.csproj", "{A2DC5933-B03D-4AB0-93ED-68ACAEABD9AB}"
EndProject
Project("{FAE04EC0-301F-11D3-BF4B-00C04F79EFBC}") = "SV19T1081011.Lib", "SV19T1081011.Lib\SV19T1081011.Lib.csproj", "{696E03FC-B912-4287-B8A0-AFE830863991}"
EndProject
Global
	GlobalSection(SolutionConfigurationPlatforms) = preSolution
		Debug|Any CPU = Debug|Any CPU
		Release|Any CPU = Release|Any CPU
	EndGlobalSection
	GlobalSection(ProjectConfigurationPlatforms) = postSolution
		{8C7A58F4-3E17-42D3-8F2B-D35F4AC7F5AC}.Debug|Any CPU.ActiveCfg = Debug|Any CPU
		{8C7A58F4-3E17-42D3-8F2B-D35F4AC7F5AC}.Debug|Any CPU.Build.0 = Debug|Any CPU
		{8C7A58F4-3E17-42D3-8F2B-D35F4AC7F5AC}.Release|Any CPU.ActiveCfg = Release|Any CPU
		{8C7A58F4-3E17-42D3-8F2B-D35F4AC7F5AC}.Release|Any CPU.Build.0 = Release|Any CPU
		{238DF550-354B-4E54-A5CE-2BE67AF68713}.Debug|Any CPU.ActiveCfg = Debug|Any CPU
		{238DF550-354B-4E54-A5CE-2BE67AF68713}.Debug|Any CPU.Build.0 = Debug|Any CPU
		{238DF550-354B-4E54-A5CE-2BE67AF68713}.Release|Any CPU.ActiveCfg = Release|Any CPU
		{238DF550-354B-4E54-A5CE-2BE67AF68713}.Release|Any CPU.Build.0 = Release|Any CPU
		{0A6012B3-DC13-490E-BACA-84165720D410}.Debug|Any CPU.ActiveCfg = Debug|Any CPU
		{0A6012B3-DC13-490E-BACA-84165720D410}.Debug|Any CPU.Build.0 = Debug|Any CPU
		{0A6012B3-DC13-490E-BACA-84165720D410}.Release|Any CPU.ActiveCfg = Release|Any CPU
		{0A6012B3-DC13-490E-BACA-84165720D410}.Release|Any CPU.Build.0 = Release|Any CPU
		{A2DC5933-B03D-4AB0-93ED-68ACAEABD9AB}.Debug|Any CPU.ActiveCfg = Debug|Any CPU
		{A2DC5933-B03D-4AB0-93ED-68ACAEABD9AB}.Debug|Any CPU.Build.0 = Debug|Any CPU
		{A2DC5933-B03D-4AB0-93ED-68ACAEABD9AB}.Release|Any CPU.ActiveCfg = Release|Any CPU
		{A2DC5933-B03D-4AB0-93ED-68ACAEABD9AB}.Release|Any CPU.Build.0 = Release|Any CPU
		{696E03FC-B912-4287-B8A0-AFE830863991}.Debug|Any CPU.ActiveCfg = Debug|Any CPU
		{696E03FC-B912-4287-B8A0-AFE830863991}.Debug|Any CPU.Build.0 = Debug|Any CPU
		{696E03FC-B912-4287-B8A0-AFE830863991}.Release|Any CPU.ActiveCfg = Release|Any CPU
		{696E03FC-B912-4287-B8A0-AFE830863991}.Release|Any CPU.Build.0 = Release|Any CPU
	EndGlobalSection
	GlobalSection(SolutionProperties) = preSolution
		HideSolutionNode = FALSE
	EndGlobalSection
	GlobalSection(NestedProjects) = preSolution
		{8C7A58F4-3E17-42D3-8F2B-D35F4AC7F5AC} = {AF6287E2-35AB-4999-A97D-8293ACEE22B6}
		{238DF550-354B-4E54-A5CE-2BE67AF68713} = {C08594FE-75A7-4383-AF40-7EDA663750C4}
		{0A6012B3-DC13-490E-BACA-84165720D410} = {C08594FE-75A7-4383-AF40-7EDA663750C4}
		{A2DC5933-B03D-4AB0-93ED-68ACAEABD9AB} = {C08594FE-75A7-4383-AF40-7EDA663750C4}
		{696E03FC-B912-4287-B8A0-AFE830863991} = {C08594FE-75A7-4383-AF40-7EDA663750C4}
	EndGlobalSection
	GlobalSection(ExtensibilityGlobals) = postSolution
		SolutionGuid = {68F78690-306E-42FD-AFBF-0799176F1FC1}
	EndGlobalSection
EndGlobal
